
Microsoft Visual Studio Solution File, Format Version 12.00
# Visual Studio Version 17
VisualStudioVersion = 17.10.35122.118
MinimumVisualStudioVersion = 10.0.40219.1
Project("{9A19103F-16F7-4668-BE54-9A1E7A4F7556}") = "MeuTodo", "MeuTodo.csproj", "{79DBFB91-F5C0-404B-810C-AE4A39ADDE73}"
EndProject
Global
	GlobalSection(SolutionConfigurationPlatforms) = preSolution
		Debug|Any CPU = Debug|Any CPU
		Release|Any CPU = Release|Any CPU
	EndGlobalSection
	GlobalSection(ProjectConfigurationPlatforms) = postSolution
		{79DBFB91-F5C0-404B-810C-AE4A39ADDE73}.Debug|Any CPU.ActiveCfg = Debug|Any CPU
		{79DBFB91-F5C0-404B-810C-AE4A39ADDE73}.Debug|Any CPU.Build.0 = Debug|Any CPU
		{79DBFB91-F5C0-404B-810C-AE4A39ADDE73}.Release|Any CPU.ActiveCfg = Release|Any CPU
		{79DBFB91-F5C0-404B-810C-AE4A39ADDE73}.Release|Any CPU.Build.0 = Release|Any CPU
	EndGlobalSection
	GlobalSection(SolutionProperties) = preSolution
		HideSolutionNode = FALSE
	EndGlobalSection
	GlobalSection(ExtensibilityGlobals) = postSolution
		SolutionGuid = {C064C3ED-C21A-41F4-9FE5-1B233AE15238}
	EndGlobalSection
EndGlobal
